
Microsoft Visual Studio Solution File, Format Version 11.00
# Visual C# Express 2010
Project("{FAE04EC0-301F-11D3-BF4B-00C04F79EFBC}") = "CalculatedFields", "CalculatedFields.csproj", "{D16B8E20-3ED9-4308-8311-7B3CAA058F1F}"
EndProject
Global
	GlobalSection(SolutionConfigurationPlatforms) = preSolution
		ST3.0Debug|Any CPU = ST3.0Debug|Any CPU
		ST3.0Release|Any CPU = ST3.0Release|Any CPU
	EndGlobalSection
	GlobalSection(ProjectConfigurationPlatforms) = postSolution
		{D16B8E20-3ED9-4308-8311-7B3CAA058F1F}.ST3.0Debug|Any CPU.ActiveCfg = ST3.0Debug|Any CPU
		{D16B8E20-3ED9-4308-8311-7B3CAA058F1F}.ST3.0Debug|Any CPU.Build.0 = ST3.0Debug|Any CPU
		{D16B8E20-3ED9-4308-8311-7B3CAA058F1F}.ST3.0Release|Any CPU.ActiveCfg = ST3.0Release|Any CPU
		{D16B8E20-3ED9-4308-8311-7B3CAA058F1F}.ST3.0Release|Any CPU.Build.0 = ST3.0Release|Any CPU
	EndGlobalSection
	GlobalSection(SolutionProperties) = preSolution
		HideSolutionNode = FALSE
	EndGlobalSection
EndGlobal
